<?xml version="1.0" encoding="utf-8"?>
<Project ToolsVersion="4.0" xmlns="http://schemas.microsoft.com/developer/msbuild/2003">
  <ItemGroup>
    <Filter Include="Source Files">
      <UniqueIdentifier>{5310c05c-7cd6-4afd-857e-402dff18211c}</UniqueIdentifier>
      <Extensions>cpp;c;cxx;rc;def;r;odl;idl;hpj;bat</Extensions>
    </Filter>
    <Filter Include="Header Files">
      <UniqueIdentifier>{24cc1ff0-0a94-411f-822b-436f01ed9bb0}</UniqueIdentifier>
      <Extensions>h;hpp;hxx;hm;inl</Extensions>
    </Filter>
    <Filter Include="Resource Files">
      <UniqueIdentifier>{35965fa9-c9bf-467c-b34c-a7fc9b819ff4}</UniqueIdentifier>
      <Extensions>ico;cur;bmp;dlg;rc2;rct;bin;rgs;gif;jpg;jpeg;jpe</Extensions>
    </Filter>
  </ItemGroup>
  <ItemGroup>
    <ClCompile Include="AlarmButton.cpp">
      <Filter>Source Files</Filter>
    </ClCompile>
    <ClCompile Include="Application.cpp">
      <Filter>Source Files</Filter>
    </ClCompile>
    <ClCompile Include="BitCondition.cpp">
      <Filter>Source Files</Filter>
    </ClCompile>
    <ClCompile Include="BitmaskVariable.cpp">
      <Filter>Source Files</Filter>
    </ClCompile>
    <ClCompile Include="BottomHalf.cpp">
      <Filter>Source Files</Filter>
    </ClCompile>
    <ClCompile Include="Check.cpp">
      <Filter>Source Files</Filter>
    </ClCompile>
    <ClCompile Include="ChildView.cpp">
      <Filter>Source Files</Filter>
    </ClCompile>
    <ClCompile Include="ClientSocket.cpp">
      <Filter>Source Files</Filter>
    </ClCompile>
    <ClCompile Include="CommPort.cpp">
      <Filter>Source Files</Filter>
    </ClCompile>
    <ClCompile Include="Condition.cpp">
      <Filter>Source Files</Filter>
    </ClCompile>
    <ClCompile Include="Connection.cpp">
      <Filter>Source Files</Filter>
    </ClCompile>
    <ClCompile Include="Date.cpp">
      <Filter>Source Files</Filter>
    </ClCompile>
    <ClCompile Include="EnumCondition.cpp">
      <Filter>Source Files</Filter>
    </ClCompile>
    <ClCompile Include="EnumVariable.cpp">
      <Filter>Source Files</Filter>
    </ClCompile>
    <ClCompile Include="EtherPort.cpp">
      <Filter>Source Files</Filter>
    </ClCompile>
    <ClCompile Include="HistoryData.cpp">
      <Filter>Source Files</Filter>
    </ClCompile>
    <ClCompile Include="HistoryGraphs.cpp">
      <Filter>Source Files</Filter>
    </ClCompile>
    <ClCompile Include="HostCommand.cpp">
      <Filter>Source Files</Filter>
    </ClCompile>
    <ClCompile Include="Line.cpp">
      <Filter>Source Files</Filter>
    </ClCompile>
    <ClCompile Include="ListBox.cpp">
      <Filter>Source Files</Filter>
    </ClCompile>
    <ClCompile Include="LocalChoice.cpp">
      <Filter>Source Files</Filter>
    </ClCompile>
    <ClCompile Include="MainFrame.cpp">
      <Filter>Source Files</Filter>
    </ClCompile>
    <ClCompile Include="MsgScreen.cpp">
      <Filter>Source Files</Filter>
    </ClCompile>
    <ClCompile Include="Mylanguage.cpp">
      <Filter>Source Files</Filter>
    </ClCompile>
    <ClCompile Include="PrintText.cpp">
      <Filter>Source Files</Filter>
    </ClCompile>
    <ClCompile Include="Queue.cpp">
      <Filter>Source Files</Filter>
    </ClCompile>
    <ClCompile Include="RadioMenu.cpp">
      <Filter>Source Files</Filter>
    </ClCompile>
    <ClCompile Include="RunScreen.cpp">
      <Filter>Source Files</Filter>
    </ClCompile>
    <ClCompile Include="SBC.cpp">
      <Filter>Source Files</Filter>
    </ClCompile>
    <ClCompile Include="ScreenKeypad.cpp">
      <Filter>Source Files</Filter>
    </ClCompile>
    <ClCompile Include="ServerSocket.cpp">
      <Filter>Source Files</Filter>
    </ClCompile>
    <ClCompile Include="StdAfx.cpp">
      <Filter>Source Files</Filter>
    </ClCompile>
    <ClCompile Include="Table.cpp">
      <Filter>Source Files</Filter>
    </ClCompile>
    <ClCompile Include="TcpSocket.cpp">
      <Filter>Source Files</Filter>
    </ClCompile>
    <ClCompile Include="Text.cpp">
      <Filter>Source Files</Filter>
    </ClCompile>
    <ClCompile Include="TextBox.cpp">
      <Filter>Source Files</Filter>
    </ClCompile>
    <ClCompile Include="TextIOFile.cpp">
      <Filter>Source Files</Filter>
    </ClCompile>
    <ClCompile Include="Time.cpp">
      <Filter>Source Files</Filter>
    </ClCompile>
    <ClCompile Include="Toggle.cpp">
      <Filter>Source Files</Filter>
    </ClCompile>
    <ClCompile Include="USBFolder.cpp">
      <Filter>Source Files</Filter>
    </ClCompile>
    <ClCompile Include="Variable.cpp">
      <Filter>Source Files</Filter>
    </ClCompile>
    <ClCompile Include="VGA.cpp">
      <Filter>Source Files</Filter>
    </ClCompile>
    <ClCompile Include="VGAAdd_Back_Next_Button.cpp">
      <Filter>Source Files</Filter>
    </ClCompile>
    <ClCompile Include="VgaAlphanumeric.cpp">
      <Filter>Source Files</Filter>
    </ClCompile>
    <ClCompile Include="VgaBottomMenu.cpp">
      <Filter>Source Files</Filter>
    </ClCompile>
    <ClCompile Include="VgaButton.cpp">
      <Filter>Source Files</Filter>
    </ClCompile>
    <ClCompile Include="VgaChoice.cpp">
      <Filter>Source Files</Filter>
    </ClCompile>
    <ClCompile Include="VgaCompareGraph.cpp">
      <Filter>Source Files</Filter>
    </ClCompile>
    <ClCompile Include="VgaDigitalInput.cpp">
      <Filter>Source Files</Filter>
    </ClCompile>
    <ClCompile Include="VgaDrawGraph.cpp">
      <Filter>Source Files</Filter>
    </ClCompile>
    <ClCompile Include="VgaMenu.cpp">
      <Filter>Source Files</Filter>
    </ClCompile>
    <ClCompile Include="VgaMenuItem.cpp">
      <Filter>Source Files</Filter>
    </ClCompile>
    <ClCompile Include="VgaRadioButton.cpp">
      <Filter>Source Files</Filter>
    </ClCompile>
    <ClCompile Include="VgaScreenSetup.cpp">
      <Filter>Source Files</Filter>
    </ClCompile>
    <ClCompile Include="VgaSubMenu.cpp">
      <Filter>Source Files</Filter>
    </ClCompile>
    <ClCompile Include="VgaTitle.cpp">
      <Filter>Source Files</Filter>
    </ClCompile>
    <ClCompile Include="VgaVariable.cpp">
      <Filter>Source Files</Filter>
    </ClCompile>
    <ClCompile Include="VgaViewPreset.cpp">
      <Filter>Source Files</Filter>
    </ClCompile>
    <ClCompile Include="WeldingData.cpp">
      <Filter>Source Files</Filter>
    </ClCompile>
    <ClCompile Include="WeldingHistory.cpp">
      <Filter>Source Files</Filter>
    </ClCompile>
    <ClCompile Include="XmlElement.cpp">
      <Filter>Source Files</Filter>
    </ClCompile>
    <ClCompile Include="XmlFile.cpp">
      <Filter>Source Files</Filter>
    </ClCompile>
    <ClCompile Include="AlarmLog.cpp">
      <Filter>Source Files</Filter>
    </ClCompile>
    <ClCompile Include="AlarmLogData.cpp">
      <Filter>Source Files</Filter>
    </ClCompile>
    <ClCompile Include="EventHistoryData.cpp">
      <Filter>Source Files</Filter>
    </ClCompile>
    <ClCompile Include="EventLog.cpp">
      <Filter>Source Files</Filter>
    </ClCompile>
    <ClCompile Include="UserIDTableData.cpp">
      <Filter>Source Files</Filter>
    </ClCompile>
    <ClCompile Include="UserIDTable.cpp">
      <Filter>Source Files</Filter>
    </ClCompile>
    <ClCompile Include="UserID.cpp">
      <Filter>Source Files</Filter>
    </ClCompile>
    <ClCompile Include="InputDevices.cpp">
      <Filter>Source Files</Filter>
    </ClCompile>
  </ItemGroup>
  <ItemGroup>
    <ResourceCompile Include="SBC.rc">
      <Filter>Source Files</Filter>
    </ResourceCompile>
    <ResourceCompile Include="VGA.rc">
      <Filter>Source Files</Filter>
    </ResourceCompile>
  </ItemGroup>
  <ItemGroup>
    <ClInclude Include="Application.h">
      <Filter>Header Files</Filter>
    </ClInclude>
    <ClInclude Include="BitCondition.h">
      <Filter>Header Files</Filter>
    </ClInclude>
    <ClInclude Include="BitmaskVariable.h">
      <Filter>Header Files</Filter>
    </ClInclude>
    <ClInclude Include="BottomHalf.h">
      <Filter>Header Files</Filter>
    </ClInclude>
    <ClInclude Include="BottomMenu.h">
      <Filter>Header Files</Filter>
    </ClInclude>
    <ClInclude Include="Check.h">
      <Filter>Header Files</Filter>
    </ClInclude>
    <ClInclude Include="ChildView.h">
      <Filter>Header Files</Filter>
    </ClInclude>
    <ClInclude Include="ClientSocket.h">
      <Filter>Header Files</Filter>
    </ClInclude>
    <ClInclude Include="CommPort.h">
      <Filter>Header Files</Filter>
    </ClInclude>
    <ClInclude Include="Condition.h">
      <Filter>Header Files</Filter>
    </ClInclude>
    <ClInclude Include="Connection.h">
      <Filter>Header Files</Filter>
    </ClInclude>
    <ClInclude Include="Date.h">
      <Filter>Header Files</Filter>
    </ClInclude>
    <ClInclude Include="EnumCondition.h">
      <Filter>Header Files</Filter>
    </ClInclude>
    <ClInclude Include="EnumVariable.h">
      <Filter>Header Files</Filter>
    </ClInclude>
    <ClInclude Include="EtherPort.h">
      <Filter>Header Files</Filter>
    </ClInclude>
    <ClInclude Include="HistoryData.h">
      <Filter>Header Files</Filter>
    </ClInclude>
    <ClInclude Include="HistoryGraphs.h">
      <Filter>Header Files</Filter>
    </ClInclude>
    <ClInclude Include="HostCommand.h">
      <Filter>Header Files</Filter>
    </ClInclude>
    <ClInclude Include="Line.h">
      <Filter>Header Files</Filter>
    </ClInclude>
    <ClInclude Include="ListBox.h">
      <Filter>Header Files</Filter>
    </ClInclude>
    <ClInclude Include="LocalChoice.h">
      <Filter>Header Files</Filter>
    </ClInclude>
    <ClInclude Include="MainFrame.h">
      <Filter>Header Files</Filter>
    </ClInclude>
    <ClInclude Include="MsgScreen.h">
      <Filter>Header Files</Filter>
    </ClInclude>
    <ClInclude Include="Mylanguage.h">
      <Filter>Header Files</Filter>
    </ClInclude>
    <ClInclude Include="newres.h">
      <Filter>Header Files</Filter>
    </ClInclude>
    <ClInclude Include="ObjectList.h">
      <Filter>Header Files</Filter>
    </ClInclude>
    <ClInclude Include="ObjectMap.h">
      <Filter>Header Files</Filter>
    </ClInclude>
    <ClInclude Include="Pointer.h">
      <Filter>Header Files</Filter>
    </ClInclude>
    <ClInclude Include="PrintText.h">
      <Filter>Header Files</Filter>
    </ClInclude>
    <ClInclude Include="Queue.h">
      <Filter>Header Files</Filter>
    </ClInclude>
    <ClInclude Include="RadioMenu.h">
      <Filter>Header Files</Filter>
    </ClInclude>
    <ClInclude Include="Resource.h">
      <Filter>Header Files</Filter>
    </ClInclude>
    <ClInclude Include="RunScreen.h">
      <Filter>Header Files</Filter>
    </ClInclude>
    <ClInclude Include="SBC.h">
      <Filter>Header Files</Filter>
    </ClInclude>
    <ClInclude Include="ScreenKeypad.h">
      <Filter>Header Files</Filter>
    </ClInclude>
    <ClInclude Include="ServerSocket.h">
      <Filter>Header Files</Filter>
    </ClInclude>
    <ClInclude Include="StdAfx.h">
      <Filter>Header Files</Filter>
    </ClInclude>
    <ClInclude Include="Table.h">
      <Filter>Header Files</Filter>
    </ClInclude>
    <ClInclude Include="TcpSocket.h">
      <Filter>Header Files</Filter>
    </ClInclude>
    <ClInclude Include="Text.h">
      <Filter>Header Files</Filter>
    </ClInclude>
    <ClInclude Include="TextBox.h">
      <Filter>Header Files</Filter>
    </ClInclude>
    <ClInclude Include="TextIOFile.h">
      <Filter>Header Files</Filter>
    </ClInclude>
    <ClInclude Include="Time.h">
      <Filter>Header Files</Filter>
    </ClInclude>
    <ClInclude Include="Toggle.h">
      <Filter>Header Files</Filter>
    </ClInclude>
    <ClInclude Include="USBFolder.h">
      <Filter>Header Files</Filter>
    </ClInclude>
    <ClInclude Include="Variable.h">
      <Filter>Header Files</Filter>
    </ClInclude>
    <ClInclude Include="VGA.h">
      <Filter>Header Files</Filter>
    </ClInclude>
    <ClInclude Include="VGAAdd_Back_Next_Button.h">
      <Filter>Header Files</Filter>
    </ClInclude>
    <ClInclude Include="VgaAlphanumeric.h">
      <Filter>Header Files</Filter>
    </ClInclude>
    <ClInclude Include="VgaBottomMenu.h">
      <Filter>Header Files</Filter>
    </ClInclude>
    <ClInclude Include="VgaButton.h">
      <Filter>Header Files</Filter>
    </ClInclude>
    <ClInclude Include="VgaChoice.h">
      <Filter>Header Files</Filter>
    </ClInclude>
    <ClInclude Include="VgaCompareGraph.h">
      <Filter>Header Files</Filter>
    </ClInclude>
    <ClInclude Include="VgaDigitalInput.h">
      <Filter>Header Files</Filter>
    </ClInclude>
    <ClInclude Include="VgaDrawGraph.h">
      <Filter>Header Files</Filter>
    </ClInclude>
    <ClInclude Include="VgaMenu.h">
      <Filter>Header Files</Filter>
    </ClInclude>
    <ClInclude Include="VgaMenuItem.h">
      <Filter>Header Files</Filter>
    </ClInclude>
    <ClInclude Include="VgaRadioButton.h">
      <Filter>Header Files</Filter>
    </ClInclude>
    <ClInclude Include="VgaScreenSetup.h">
      <Filter>Header Files</Filter>
    </ClInclude>
    <ClInclude Include="VgaSubMenu.h">
      <Filter>Header Files</Filter>
    </ClInclude>
    <ClInclude Include="VgaTitle.h">
      <Filter>Header Files</Filter>
    </ClInclude>
    <ClInclude Include="VgaVariable.h">
      <Filter>Header Files</Filter>
    </ClInclude>
    <ClInclude Include="VgaViewPreset.h">
      <Filter>Header Files</Filter>
    </ClInclude>
    <ClInclude Include="WeldingData.h">
      <Filter>Header Files</Filter>
    </ClInclude>
    <ClInclude Include="WeldingHistory.h">
      <Filter>Header Files</Filter>
    </ClInclude>
    <ClInclude Include="XmlElement.h">
      <Filter>Header Files</Filter>
    </ClInclude>
    <ClInclude Include="XmlFile.h">
      <Filter>Header Files</Filter>
    </ClInclude>
    <ClInclude Include="AlarmLog.h">
      <Filter>Header Files</Filter>
    </ClInclude>
    <ClInclude Include="AlarmLogData.h">
      <Filter>Header Files</Filter>
    </ClInclude>
    <ClInclude Include="EventHistoryData.h">
      <Filter>Header Files</Filter>
    </ClInclude>
    <ClInclude Include="EventLog.h">
      <Filter>Header Files</Filter>
    </ClInclude>
    <ClInclude Include="UserIDTableData.h">
      <Filter>Header Files</Filter>
    </ClInclude>
    <ClInclude Include="UserIDTable.h">
      <Filter>Header Files</Filter>
    </ClInclude>
    <ClInclude Include="UserID.h">
      <Filter>Header Files</Filter>
    </ClInclude>
    <ClInclude Include="InputDevices.h">
      <Filter>Header Files</Filter>
    </ClInclude>
  </ItemGroup>
  <ItemGroup>
    <CustomBuild Include="res\Toolbar.bmp">
      <Filter>Resource Files</Filter>
    </CustomBuild>
    <CustomBuild Include="res\VGA.ico">
      <Filter>Resource Files</Filter>
    </CustomBuild>
    <CustomBuild Include="res\VGA.rc2">
      <Filter>Resource Files</Filter>
    </CustomBuild>
  </ItemGroup>
</Project>